// !$*UTF8*$!
{
	archiveVersion = 1;
	classes = {
	};
	objectVersion = 55;
	objects = {

/* Begin PBXBuildFile section */
		84F4FE5628B0D13400942C8C /* AppDelegate.swift in Sources */ = {isa = PBXBuildFile; fileRef = 84F4FE5528B0D13400942C8C /* AppDelegate.swift */; };
		84F4FE5828B0D13400942C8C /* SceneDelegate.swift in Sources */ = {isa = PBXBuildFile; fileRef = 84F4FE5728B0D13400942C8C /* SceneDelegate.swift */; };
		84F4FE5A28B0D13400942C8C /* ViewController.swift in Sources */ = {isa = PBXBuildFile; fileRef = 84F4FE5928B0D13400942C8C /* ViewController.swift */; };
		84F4FE5D28B0D13400942C8C /* Main.storyboard in Resources */ = {isa = PBXBuildFile; fileRef = 84F4FE5B28B0D13400942C8C /* Main.storyboard */; };
		84F4FE5F28B0D14800942C8C /* Assets.xcassets in Resources */ = {isa = PBXBuildFile; fileRef = 84F4FE5E28B0D14800942C8C /* Assets.xcassets */; };
		84F4FE6228B0D14800942C8C /* LaunchScreen.storyboard in Resources */ = {isa = PBXBuildFile; fileRef = 84F4FE6028B0D14800942C8C /* LaunchScreen.storyboard */; };
		84F4FE6A28B0D23800942C8C /* Team.swift in Sources */ = {isa = PBXBuildFile; fileRef = 84F4FE6928B0D23800942C8C /* Team.swift */; };
		84F4FE6C28B0D8A300942C8C /* Player.swift in Sources */ = {isa = PBXBuildFile; fileRef = 84F4FE6B28B0D8A300942C8C /* Player.swift */; };
		84F4FE6F28B1C0BB00942C8C /* TeamTableViewCell.swift in Sources */ = {isa = PBXBuildFile; fileRef = 84F4FE6D28B1C0BB00942C8C /* TeamTableViewCell.swift */; };
		84F4FE7028B1C0BB00942C8C /* TeamTableViewCell.xib in Resources */ = {isa = PBXBuildFile; fileRef = 84F4FE6E28B1C0BB00942C8C /* TeamTableViewCell.xib */; };
		84F4FE7228B1C71C00942C8C /* MockModel.swift in Sources */ = {isa = PBXBuildFile; fileRef = 84F4FE7128B1C71C00942C8C /* MockModel.swift */; };
/* End PBXBuildFile section */

/* Begin PBXFileReference section */
		84F4FE5228B0D13400942C8C /* uikit-nba-app.app */ = {isa = PBXFileReference; explicitFileType = wrapper.application; includeInIndex = 0; path = "uikit-nba-app.app"; sourceTree = BUILT_PRODUCTS_DIR; };
		84F4FE5528B0D13400942C8C /* AppDelegate.swift */ = {isa = PBXFileReference; lastKnownFileType = sourcecode.swift; path = AppDelegate.swift; sourceTree = "<group>"; };
		84F4FE5728B0D13400942C8C /* SceneDelegate.swift */ = {isa = PBXFileReference; lastKnownFileType = sourcecode.swift; path = SceneDelegate.swift; sourceTree = "<group>"; };
		84F4FE5928B0D13400942C8C /* ViewController.swift */ = {isa = PBXFileReference; lastKnownFileType = sourcecode.swift; path = ViewController.swift; sourceTree = "<group>"; };
		84F4FE5C28B0D13400942C8C /* Base */ = {isa = PBXFileReference; lastKnownFileType = file.storyboard; name = Base; path = Base.lproj/Main.storyboard; sourceTree = "<group>"; };
		84F4FE5E28B0D14800942C8C /* Assets.xcassets */ = {isa = PBXFileReference; lastKnownFileType = folder.assetcatalog; path = Assets.xcassets; sourceTree = "<group>"; };
		84F4FE6128B0D14800942C8C /* Base */ = {isa = PBXFileReference; lastKnownFileType = file.storyboard; name = Base; path = Base.lproj/LaunchScreen.storyboard; sourceTree = "<group>"; };
		84F4FE6328B0D14800942C8C /* Info.plist */ = {isa = PBXFileReference; lastKnownFileType = text.plist.xml; path = Info.plist; sourceTree = "<group>"; };
		84F4FE6928B0D23800942C8C /* Team.swift */ = {isa = PBXFileReference; lastKnownFileType = sourcecode.swift; path = Team.swift; sourceTree = "<group>"; };
		84F4FE6B28B0D8A300942C8C /* Player.swift */ = {isa = PBXFileReference; lastKnownFileType = sourcecode.swift; path = Player.swift; sourceTree = "<group>"; };
		84F4FE6D28B1C0BB00942C8C /* TeamTableViewCell.swift */ = {isa = PBXFileReference; lastKnownFileType = sourcecode.swift; path = TeamTableViewCell.swift; sourceTree = "<group>"; };
		84F4FE6E28B1C0BB00942C8C /* TeamTableViewCell.xib */ = {isa = PBXFileReference; lastKnownFileType = file.xib; path = TeamTableViewCell.xib; sourceTree = "<group>"; };
		84F4FE7128B1C71C00942C8C /* MockModel.swift */ = {isa = PBXFileReference; lastKnownFileType = sourcecode.swift; path = MockModel.swift; sourceTree = "<group>"; };
/* End PBXFileReference section */

/* Begin PBXFrameworksBuildPhase section */
		84F4FE4F28B0D13400942C8C /* Frameworks */ = {
			isa = PBXFrameworksBuildPhase;
			buildActionMask = 2147483647;
			files = (
			);
			runOnlyForDeploymentPostprocessing = 0;
		};
/* End PBXFrameworksBuildPhase section */

/* Begin PBXGroup section */
		84F4FE4928B0D13400942C8C = {
			isa = PBXGroup;
			children = (
				84F4FE5428B0D13400942C8C /* uikit-nba-app */,
				84F4FE5328B0D13400942C8C /* Products */,
			);
			sourceTree = "<group>";
		};
		84F4FE5328B0D13400942C8C /* Products */ = {
			isa = PBXGroup;
			children = (
				84F4FE5228B0D13400942C8C /* uikit-nba-app.app */,
			);
			name = Products;
			sourceTree = "<group>";
		};
		84F4FE5428B0D13400942C8C /* uikit-nba-app */ = {
			isa = PBXGroup;
			children = (
				84F4FE5528B0D13400942C8C /* AppDelegate.swift */,
				84F4FE5728B0D13400942C8C /* SceneDelegate.swift */,
				84F4FE5928B0D13400942C8C /* ViewController.swift */,
				84F4FE5B28B0D13400942C8C /* Main.storyboard */,
				84F4FE5E28B0D14800942C8C /* Assets.xcassets */,
				84F4FE6028B0D14800942C8C /* LaunchScreen.storyboard */,
				84F4FE6328B0D14800942C8C /* Info.plist */,
				84F4FE6928B0D23800942C8C /* Team.swift */,
				84F4FE6B28B0D8A300942C8C /* Player.swift */,
				84F4FE6D28B1C0BB00942C8C /* TeamTableViewCell.swift */,
				84F4FE6E28B1C0BB00942C8C /* TeamTableViewCell.xib */,
				84F4FE7128B1C71C00942C8C /* MockModel.swift */,
			);
			path = "uikit-nba-app";
			sourceTree = "<group>";
		};
/* End PBXGroup section */

/* Begin PBXNativeTarget section */
		84F4FE5128B0D13400942C8C /* uikit-nba-app */ = {
			isa = PBXNativeTarget;
			buildConfigurationList = 84F4FE6628B0D14800942C8C /* Build configuration list for PBXNativeTarget "uikit-nba-app" */;
			buildPhases = (
				84F4FE4E28B0D13400942C8C /* Sources */,
				84F4FE4F28B0D13400942C8C /* Frameworks */,
				84F4FE5028B0D13400942C8C /* Resources */,
			);
			buildRules = (
			);
			dependencies = (
			);
			name = "uikit-nba-app";
			productName = "uikit-nba-app";
			productReference = 84F4FE5228B0D13400942C8C /* uikit-nba-app.app */;
			productType = "com.apple.product-type.application";
		};
/* End PBXNativeTarget section */

/* Begin PBXProject section */
		84F4FE4A28B0D13400942C8C /* Project object */ = {
			isa = PBXProject;
			attributes = {
				BuildIndependentTargetsInParallel = 1;
				LastSwiftUpdateCheck = 1340;
				LastUpgradeCheck = 1340;
				TargetAttributes = {
					84F4FE5128B0D13400942C8C = {
						CreatedOnToolsVersion = 13.4.1;
					};
				};
			};
			buildConfigurationList = 84F4FE4D28B0D13400942C8C /* Build configuration list for PBXProject "uikit-nba-app" */;
			compatibilityVersion = "Xcode 13.0";
			developmentRegion = en;
			hasScannedForEncodings = 0;
			knownRegions = (
				en,
				Base,
			);
			mainGroup = 84F4FE4928B0D13400942C8C;
			productRefGroup = 84F4FE5328B0D13400942C8C /* Products */;
			projectDirPath = "";
			projectRoot = "";
			targets = (
				84F4FE5128B0D13400942C8C /* uikit-nba-app */,
			);
		};
/* End PBXProject section */

/* Begin PBXResourcesBuildPhase section */
		84F4FE5028B0D13400942C8C /* Resources */ = {
			isa = PBXResourcesBuildPhase;
			buildActionMask = 2147483647;
			files = (
				84F4FE7028B1C0BB00942C8C /* TeamTableViewCell.xib in Resources */,
				84F4FE6228B0D14800942C8C /* LaunchScreen.storyboard in Resources */,
				84F4FE5F28B0D14800942C8C /* Assets.xcassets in Resources */,
				84F4FE5D28B0D13400942C8C /* Main.storyboard in Resources */,
			);
			runOnlyForDeploymentPostprocessing = 0;
		};
/* End PBXResourcesBuildPhase section */

/* Begin PBXSourcesBuildPhase section */
		84F4FE4E28B0D13400942C8C /* Sources */ = {
			isa = PBXSourcesBuildPhase;
			buildActionMask = 2147483647;
			files = (
				84F4FE6A28B0D23800942C8C /* Team.swift in Sources */,
				84F4FE5A28B0D13400942C8C /* ViewController.swift in Sources */,
				84F4FE5628B0D13400942C8C /* AppDelegate.swift in Sources */,
				84F4FE7228B1C71C00942C8C /* MockModel.swift in Sources */,
				84F4FE6C28B0D8A300942C8C /* Player.swift in Sources */,
				84F4FE6F28B1C0BB00942C8C /* TeamTableViewCell.swift in Sources */,
				84F4FE5828B0D13400942C8C /* SceneDelegate.swift in Sources */,
			);
			runOnlyForDeploymentPostprocessing = 0;
		};
/* End PBXSourcesBuildPhase section */

/* Begin PBXVariantGroup section */
		84F4FE5B28B0D13400942C8C /* Main.storyboard */ = {
			isa = PBXVariantGroup;
			children = (
				84F4FE5C28B0D13400942C8C /* Base */,
			);
			name = Main.storyboard;
			sourceTree = "<group>";
		};
		84F4FE6028B0D14800942C8C /* LaunchScreen.storyboard */ = {
			isa = PBXVariantGroup;
			children = (
				84F4FE6128B0D14800942C8C /* Base */,
			);
			name = LaunchScreen.storyboard;
			sourceTree = "<group>";
		};
/* End PBXVariantGroup section */

/* Begin XCBuildConfiguration section */
		84F4FE6428B0D14800942C8C /* Debug */ = {
			isa = XCBuildConfiguration;
			buildSettings = {
				ALWAYS_SEARCH_USER_PATHS = NO;
				CLANG_ANALYZER_NONNULL = YES;
				CLANG_ANALYZER_NUMBER_OBJECT_CONVERSION = YES_AGGRESSIVE;
				CLANG_CXX_LANGUAGE_STANDARD = "gnu++17";
				CLANG_ENABLE_MODULES = YES;
				CLANG_ENABLE_OBJC_ARC = YES;
				CLANG_ENABLE_OBJC_WEAK = YES;
				CLANG_WARN_BLOCK_CAPTURE_AUTORELEASING = YES;
				CLANG_WARN_BOOL_CONVERSION = YES;
				CLANG_WARN_COMMA = YES;
				CLANG_WARN_CONSTANT_CONVERSION = YES;
				CLANG_WARN_DEPRECATED_OBJC_IMPLEMENTATIONS = YES;
				CLANG_WARN_DIRECT_OBJC_ISA_USAGE = YES_ERROR;
				CLANG_WARN_DOCUMENTATION_COMMENTS = YES;
				CLANG_WARN_EMPTY_BODY = YES;
				CLANG_WARN_ENUM_CONVERSION = YES;
				CLANG_WARN_INFINITE_RECURSION = YES;
				CLANG_WARN_INT_CONVERSION = YES;
				CLANG_WARN_NON_LITERAL_NULL_CONVERSION = YES;
				CLANG_WARN_OBJC_IMPLICIT_RETAIN_SELF = YES;
				CLANG_WARN_OBJC_LITERAL_CONVERSION = YES;
				CLANG_WARN_OBJC_ROOT_CLASS = YES_ERROR;
				CLANG_WARN_QUOTED_INCLUDE_IN_FRAMEWORK_HEADER = YES;
				CLANG_WARN_RANGE_LOOP_ANALYSIS = YES;
				CLANG_WARN_STRICT_PROTOTYPES = YES;
				CLANG_WARN_SUSPICIOUS_MOVE = YES;
				CLANG_WARN_UNGUARDED_AVAILABILITY = YES_AGGRESSIVE;
				CLANG_WARN_UNREACHABLE_CODE = YES;
				CLANG_WARN__DUPLICATE_METHOD_MATCH = YES;
				COPY_PHASE_STRIP = NO;
				DEBUG_INFORMATION_FORMAT = dwarf;
				ENABLE_STRICT_OBJC_MSGSEND = YES;
				ENABLE_TESTABILITY = YES;
				GCC_C_LANGUAGE_STANDARD = gnu11;
				GCC_DYNAMIC_NO_PIC = NO;
				GCC_NO_COMMON_BLOCKS = YES;
				GCC_OPTIMIZATION_LEVEL = 0;
				GCC_PREPROCESSOR_DEFINITIONS = (
					"DEBUG=1",
					"$(inherited)",
				);
				GCC_WARN_64_TO_32_BIT_CONVERSION = YES;
				GCC_WARN_ABOUT_RETURN_TYPE = YES_ERROR;
				GCC_WARN_UNDECLARED_SELECTOR = YES;
				GCC_WARN_UNINITIALIZED_AUTOS = YES_AGGRESSIVE;
				GCC_WARN_UNUSED_FUNCTION = YES;
				GCC_WARN_UNUSED_VARIABLE = YES;
				IPHONEOS_DEPLOYMENT_TARGET = 15.5;
				MTL_ENABLE_DEBUG_INFO = INCLUDE_SOURCE;
				MTL_FAST_MATH = YES;
				ONLY_ACTIVE_ARCH = YES;
				SDKROOT = iphoneos;
				SWIFT_ACTIVE_COMPILATION_CONDITIONS = DEBUG;
				SWIFT_OPTIMIZATION_LEVEL = "-Onone";
			};
			name = Debug;
		};
		84F4FE6528B0D14800942C8C /* Release */ = {
			isa = XCBuildConfiguration;
			buildSettings = {
				ALWAYS_SEARCH_USER_PATHS = NO;
				CLANG_ANALYZER_NONNULL = YES;
				CLANG_ANALYZER_NUMBER_OBJECT_CONVERSION = YES_AGGRESSIVE;
				CLANG_CXX_LANGUAGE_STANDARD = "gnu++17";
				CLANG_ENABLE_MODULES = YES;
				CLANG_ENABLE_OBJC_ARC = YES;
				CLANG_ENABLE_OBJC_WEAK = YES;
				CLANG_WARN_BLOCK_CAPTURE_AUTORELEASING = YES;
				CLANG_WARN_BOOL_CONVERSION = YES;
				CLANG_WARN_COMMA = YES;
				CLANG_WARN_CONSTANT_CONVERSION = YES;
				CLANG_WARN_DEPRECATED_OBJC_IMPLEMENTATIONS = YES;
				CLANG_WARN_DIRECT_OBJC_ISA_USAGE = YES_ERROR;
				CLANG_WARN_DOCUMENTATION_COMMENTS = YES;
				CLANG_WARN_EMPTY_BODY = YES;
				CLANG_WARN_ENUM_CONVERSION = YES;
				CLANG_WARN_INFINITE_RECURSION = YES;
				CLANG_WARN_INT_CONVERSION = YES;
				CLANG_WARN_NON_LITERAL_NULL_CONVERSION = YES;
				CLANG_WARN_OBJC_IMPLICIT_RETAIN_SELF = YES;
				CLANG_WARN_OBJC_LITERAL_CONVERSION = YES;
				CLANG_WARN_OBJC_ROOT_CLASS = YES_ERROR;
				CLANG_WARN_QUOTED_INCLUDE_IN_FRAMEWORK_HEADER = YES;
				CLANG_WARN_RANGE_LOOP_ANALYSIS = YES;
				CLANG_WARN_STRICT_PROTOTYPES = YES;
				CLANG_WARN_SUSPICIOUS_MOVE = YES;
				CLANG_WARN_UNGUARDED_AVAILABILITY = YES_AGGRESSIVE;
				CLANG_WARN_UNREACHABLE_CODE = YES;
				CLANG_WARN__DUPLICATE_METHOD_MATCH = YES;
				COPY_PHASE_STRIP = NO;
				DEBUG_INFORMATION_FORMAT = "dwarf-with-dsym";
				ENABLE_NS_ASSERTIONS = NO;
				ENABLE_STRICT_OBJC_MSGSEND = YES;
				GCC_C_LANGUAGE_STANDARD = gnu11;
				GCC_NO_COMMON_BLOCKS = YES;
				GCC_WARN_64_TO_32_BIT_CONVERSION = YES;
				GCC_WARN_ABOUT_RETURN_TYPE = YES_ERROR;
				GCC_WARN_UNDECLARED_SELECTOR = YES;
				GCC_WARN_UNINITIALIZED_AUTOS = YES_AGGRESSIVE;
				GCC_WARN_UNUSED_FUNCTION = YES;
				GCC_WARN_UNUSED_VARIABLE = YES;
				IPHONEOS_DEPLOYMENT_TARGET = 15.5;
				MTL_ENABLE_DEBUG_INFO = NO;
				MTL_FAST_MATH = YES;
				SDKROOT = iphoneos;
				SWIFT_COMPILATION_MODE = wholemodule;
				SWIFT_OPTIMIZATION_LEVEL = "-O";
				VALIDATE_PRODUCT = YES;
			};
			name = Release;
		};
		84F4FE6728B0D14800942C8C /* Debug */ = {
			isa = XCBuildConfiguration;
			buildSettings = {
				ASSETCATALOG_COMPILER_APPICON_NAME = AppIcon;
				ASSETCATALOG_COMPILER_GLOBAL_ACCENT_COLOR_NAME = AccentColor;
				CODE_SIGN_STYLE = Automatic;
				CURRENT_PROJECT_VERSION = 1;
				DEVELOPMENT_TEAM = ABZKDUEXFA;
				GENERATE_INFOPLIST_FILE = YES;
				INFOPLIST_FILE = "uikit-nba-app/Info.plist";
				INFOPLIST_KEY_UIApplicationSupportsIndirectInputEvents = YES;
				INFOPLIST_KEY_UILaunchStoryboardName = LaunchScreen;
				INFOPLIST_KEY_UIMainStoryboardFile = Main;
				INFOPLIST_KEY_UISupportedInterfaceOrientations_iPad = "UIInterfaceOrientationPortrait UIInterfaceOrientationPortraitUpsideDown UIInterfaceOrientationLandscapeLeft UIInterfaceOrientationLandscapeRight";
				INFOPLIST_KEY_UISupportedInterfaceOrientations_iPhone = "UIInterfaceOrientationPortrait UIInterfaceOrientationLandscapeLeft UIInterfaceOrientationLandscapeRight";
				LD_RUNPATH_SEARCH_PATHS = (
					"$(inherited)",
					"@executable_path/Frameworks",
				);
				MARKETING_VERSION = 1.0;
				PRODUCT_BUNDLE_IDENTIFIER = "admin.uikit-nba-app";
				PRODUCT_NAME = "$(TARGET_NAME)";
				SWIFT_EMIT_LOC_STRINGS = YES;
				SWIFT_VERSION = 5.0;
				TARGETED_DEVICE_FAMILY = "1,2";
			};
			name = Debug;
		};
		84F4FE6828B0D14800942C8C /* Release */ = {
			isa = XCBuildConfiguration;
			buildSettings = {
				ASSETCATALOG_COMPILER_APPICON_NAME = AppIcon;
				ASSETCATALOG_COMPILER_GLOBAL_ACCENT_COLOR_NAME = AccentColor;
				CODE_SIGN_STYLE = Automatic;
				CURRENT_PROJECT_VERSION = 1;
				DEVELOPMENT_TEAM = ABZKDUEXFA;
				GENERATE_INFOPLIST_FILE = YES;
				INFOPLIST_FILE = "uikit-nba-app/Info.plist";
				INFOPLIST_KEY_UIApplicationSupportsIndirectInputEvents = YES;
				INFOPLIST_KEY_UILaunchStoryboardName = LaunchScreen;
				INFOPLIST_KEY_UIMainStoryboardFile = Main;
				INFOPLIST_KEY_UISupportedInterfaceOrientations_iPad = "UIInterfaceOrientationPortrait UIInterfaceOrientationPortraitUpsideDown UIInterfaceOrientationLandscapeLeft UIInterfaceOrientationLandscapeRight";
				INFOPLIST_KEY_UISupportedInterfaceOrientations_iPhone = "UIInterfaceOrientationPortrait UIInterfaceOrientationLandscapeLeft UIInterfaceOrientationLandscapeRight";
				LD_RUNPATH_SEARCH_PATHS = (
					"$(inherited)",
					"@executable_path/Frameworks",
				);
				MARKETING_VERSION = 1.0;
				PRODUCT_BUNDLE_IDENTIFIER = "admin.uikit-nba-app";
				PRODUCT_NAME = "$(TARGET_NAME)";
				SWIFT_EMIT_LOC_STRINGS = YES;
				SWIFT_VERSION = 5.0;
				TARGETED_DEVICE_FAMILY = "1,2";
			};
			name = Release;
		};
/* End XCBuildConfiguration section */

/* Begin XCConfigurationList section */
		84F4FE4D28B0D13400942C8C /* Build configuration list for PBXProject "uikit-nba-app" */ = {
			isa = XCConfigurationList;
			buildConfigurations = (
				84F4FE6428B0D14800942C8C /* Debug */,
				84F4FE6528B0D14800942C8C /* Release */,
			);
			defaultConfigurationIsVisible = 0;
			defaultConfigurationName = Release;
		};
		84F4FE6628B0D14800942C8C /* Build configuration list for PBXNativeTarget "uikit-nba-app" */ = {
			isa = XCConfigurationList;
			buildConfigurations = (
				84F4FE6728B0D14800942C8C /* Debug */,
				84F4FE6828B0D14800942C8C /* Release */,
			);
			defaultConfigurationIsVisible = 0;
			defaultConfigurationName = Release;
		};
/* End XCConfigurationList section */
	};
	rootObject = 84F4FE4A28B0D13400942C8C /* Project object */;
}
